{
  "lockfile_version": "1",
  "packages": {
    "act@latest": {
      "last_modified": "2024-11-16T04:25:12Z",
      "resolved": "github:NixOS/nixpkgs/34a626458d686f1b58139620a8b2793e9e123bba#act",
      "source": "devbox-search",
      "version": "0.2.68",
      "systems": {
        "aarch64-darwin": {
          "outputs": [
            {
              "name": "out",
              "path": "/nix/store/h0bxig7mdrgv1c6zqz37c06dy26pga6i-act-0.2.68",
              "default": true
            }
          ],
          "store_path": "/nix/store/h0bxig7mdrgv1c6zqz37c06dy26pga6i-act-0.2.68"
        },
        "aarch64-linux": {
          "outputs": [
            {
              "name": "out",
              "path": "/nix/store/vygw07dr5hmizyfv4b4q71qsqkay577g-act-0.2.68",
              "default": true
            }
          ],
          "store_path": "/nix/store/vygw07dr5hmizyfv4b4q71qsqkay577g-act-0.2.68"
        },
        "x86_64-darwin": {
          "outputs": [
            {
              "name": "out",
              "path": "/nix/store/lvc989cy87zdipb09kjizapr85j8qg8h-act-0.2.68",
              "default": true
            }
          ],
          "store_path": "/nix/store/lvc989cy87zdipb09kjizapr85j8qg8h-act-0.2.68"
        },
        "x86_64-linux": {
          "outputs": [
            {
              "name": "out",
              "path": "/nix/store/zccjbgw8f86pf32qn83w953px7ijcc7a-act-0.2.68",
              "default": true
            }
          ],
          "store_path": "/nix/store/zccjbgw8f86pf32qn83w953px7ijcc7a-act-0.2.68"
        }
      }
    },
    "civo@latest": {
      "last_modified": "2024-11-16T04:25:12Z",
      "resolved": "github:NixOS/nixpkgs/34a626458d686f1b58139620a8b2793e9e123bba#civo",
      "source": "devbox-search",
      "version": "1.1.92",
      "systems": {
        "aarch64-darwin": {
          "outputs": [
            {
              "name": "out",
              "path": "/nix/store/fv95acp4pnxnhg67xxw6pa9r8x2pvhim-civo-1.1.92",
              "default": true
            }
          ],
          "store_path": "/nix/store/fv95acp4pnxnhg67xxw6pa9r8x2pvhim-civo-1.1.92"
        },
        "aarch64-linux": {
          "outputs": [
            {
              "name": "out",
              "path": "/nix/store/dw11k4kjacs8xq6nhyhm1azq8x90l26q-civo-1.1.92",
              "default": true
            }
          ],
          "store_path": "/nix/store/dw11k4kjacs8xq6nhyhm1azq8x90l26q-civo-1.1.92"
        },
        "x86_64-darwin": {
          "outputs": [
            {
              "name": "out",
              "path": "/nix/store/smh5hma2vywm8mz6hiiybwdgi31rsd88-civo-1.1.92",
              "default": true
            }
          ],
          "store_path": "/nix/store/smh5hma2vywm8mz6hiiybwdgi31rsd88-civo-1.1.92"
        },
        "x86_64-linux": {
          "outputs": [
            {
              "name": "out",
              "path": "/nix/store/5a24j8ljy4cjsn2rl7006pb8lk9l6ml8-civo-1.1.92",
              "default": true
            }
          ],
          "store_path": "/nix/store/5a24j8ljy4cjsn2rl7006pb8lk9l6ml8-civo-1.1.92"
        }
      }
    },
    "eksctl@latest": {
      "last_modified": "2024-11-16T04:25:12Z",
      "resolved": "github:NixOS/nixpkgs/34a626458d686f1b58139620a8b2793e9e123bba#eksctl",
      "source": "devbox-search",
      "version": "0.193.0",
      "systems": {
        "aarch64-darwin": {
          "outputs": [
            {
              "name": "out",
              "path": "/nix/store/6vscncss81p1w3jbm6iqr50hm2a08p75-eksctl-0.193.0",
              "default": true
            }
          ],
          "store_path": "/nix/store/6vscncss81p1w3jbm6iqr50hm2a08p75-eksctl-0.193.0"
        },
        "aarch64-linux": {
          "outputs": [
            {
              "name": "out",
              "path": "/nix/store/p3v2mfbxahnayji206kxylz7l236hd5m-eksctl-0.193.0",
              "default": true
            }
          ],
          "store_path": "/nix/store/p3v2mfbxahnayji206kxylz7l236hd5m-eksctl-0.193.0"
        },
        "x86_64-darwin": {
          "outputs": [
            {
              "name": "out",
              "path": "/nix/store/11zgmwgpwi37fka0k9dh4jg604h9rv29-eksctl-0.193.0",
              "default": true
            }
          ],
          "store_path": "/nix/store/11zgmwgpwi37fka0k9dh4jg604h9rv29-eksctl-0.193.0"
        },
        "x86_64-linux": {
          "outputs": [
            {
              "name": "out",
              "path": "/nix/store/g6422aij3sgaanbmw06iqhzpkqf8hyap-eksctl-0.193.0",
              "default": true
            }
          ],
          "store_path": "/nix/store/g6422aij3sgaanbmw06iqhzpkqf8hyap-eksctl-0.193.0"
        }
      }
    },
    "envsubst@latest": {
      "last_modified": "2024-11-16T04:25:12Z",
      "resolved": "github:NixOS/nixpkgs/34a626458d686f1b58139620a8b2793e9e123bba#envsubst",
      "source": "devbox-search",
      "version": "1.4.2",
      "systems": {
        "aarch64-darwin": {
          "outputs": [
            {
              "name": "out",
              "path": "/nix/store/gi4l9vmfr04rsf7za23m95dnndz3fk3v-envsubst-1.4.2",
              "default": true
            }
          ],
          "store_path": "/nix/store/gi4l9vmfr04rsf7za23m95dnndz3fk3v-envsubst-1.4.2"
        },
        "aarch64-linux": {
          "outputs": [
            {
              "name": "out",
              "path": "/nix/store/51g5ch622i5x08irz2gi68g3adcrm45m-envsubst-1.4.2",
              "default": true
            }
          ],
          "store_path": "/nix/store/51g5ch622i5x08irz2gi68g3adcrm45m-envsubst-1.4.2"
        },
        "x86_64-darwin": {
          "outputs": [
            {
              "name": "out",
              "path": "/nix/store/z7gd6pyppp2rb25v8jlflnzsqyhd8f24-envsubst-1.4.2",
              "default": true
            }
          ],
          "store_path": "/nix/store/z7gd6pyppp2rb25v8jlflnzsqyhd8f24-envsubst-1.4.2"
        },
        "x86_64-linux": {
          "outputs": [
            {
              "name": "out",
              "path": "/nix/store/bb17xi085id2h0mlzqsb5w9f9v7hi3kv-envsubst-1.4.2",
              "default": true
            }
          ],
          "store_path": "/nix/store/bb17xi085id2h0mlzqsb5w9f9v7hi3kv-envsubst-1.4.2"
        }
      }
    },
    "gh@latest": {
      "last_modified": "2024-11-16T04:25:12Z",
      "resolved": "github:NixOS/nixpkgs/34a626458d686f1b58139620a8b2793e9e123bba#gh",
      "source": "devbox-search",
      "version": "2.62.0",
      "systems": {
        "aarch64-darwin": {
          "outputs": [
            {
              "name": "out",
              "path": "/nix/store/230m2wr61ggx63f3v8qzva3rkbnk1n72-gh-2.62.0",
              "default": true
            }
          ],
          "store_path": "/nix/store/230m2wr61ggx63f3v8qzva3rkbnk1n72-gh-2.62.0"
        },
        "aarch64-linux": {
          "outputs": [
            {
              "name": "out",
              "path": "/nix/store/8mzirw5rama0af841msbjyf5zrcygwnc-gh-2.62.0",
              "default": true
            }
          ],
          "store_path": "/nix/store/8mzirw5rama0af841msbjyf5zrcygwnc-gh-2.62.0"
        },
        "x86_64-darwin": {
          "outputs": [
            {
              "name": "out",
              "path": "/nix/store/f8p9jvx2x4hprmlaz12w6b3sb3ndss8g-gh-2.62.0",
              "default": true
            }
          ],
          "store_path": "/nix/store/f8p9jvx2x4hprmlaz12w6b3sb3ndss8g-gh-2.62.0"
        },
        "x86_64-linux": {
          "outputs": [
            {
              "name": "out",
              "path": "/nix/store/mn0h4qhmpqaif4kyvssripf23xivdp1w-gh-2.62.0",
              "default": true
            }
          ],
          "store_path": "/nix/store/mn0h4qhmpqaif4kyvssripf23xivdp1w-gh-2.62.0"
        }
      }
    },
    "go-task@latest": {
      "last_modified": "2024-11-16T04:25:12Z",
      "resolved": "github:NixOS/nixpkgs/34a626458d686f1b58139620a8b2793e9e123bba#go-task",
      "source": "devbox-search",
      "version": "3.39.2",
      "systems": {
        "aarch64-darwin": {
          "outputs": [
            {
              "name": "out",
              "path": "/nix/store/n10k2bgg3kzp5r261m8lyyh1bmzwnxbm-go-task-3.39.2",
              "default": true
            }
          ],
          "store_path": "/nix/store/n10k2bgg3kzp5r261m8lyyh1bmzwnxbm-go-task-3.39.2"
        },
        "aarch64-linux": {
          "outputs": [
            {
              "name": "out",
              "path": "/nix/store/bi9d428x6r8hcngb7x7ijihp3ln6qjai-go-task-3.39.2",
              "default": true
            }
          ],
          "store_path": "/nix/store/bi9d428x6r8hcngb7x7ijihp3ln6qjai-go-task-3.39.2"
        },
        "x86_64-darwin": {
          "outputs": [
            {
              "name": "out",
              "path": "/nix/store/69byf24r00663kdim1yi4p04w53rvsix-go-task-3.39.2",
              "default": true
            }
          ],
          "store_path": "/nix/store/69byf24r00663kdim1yi4p04w53rvsix-go-task-3.39.2"
        },
        "x86_64-linux": {
          "outputs": [
            {
              "name": "out",
              "path": "/nix/store/055l0sbqwyhrq8zmzf51lbpgm3asdfz2-go-task-3.39.2",
              "default": true
            }
          ],
          "store_path": "/nix/store/055l0sbqwyhrq8zmzf51lbpgm3asdfz2-go-task-3.39.2"
        }
      }
    },
    "go@latest": {
      "last_modified": "2024-11-16T04:25:12Z",
      "resolved": "github:NixOS/nixpkgs/34a626458d686f1b58139620a8b2793e9e123bba#go",
      "source": "devbox-search",
      "version": "1.23.3",
      "systems": {
        "aarch64-darwin": {
          "outputs": [
            {
              "name": "out",
              "path": "/nix/store/qrj2wp6vzfpjfrrlcmr22818zg83fb73-go-1.23.3",
              "default": true
            }
          ],
          "store_path": "/nix/store/qrj2wp6vzfpjfrrlcmr22818zg83fb73-go-1.23.3"
        },
        "aarch64-linux": {
          "outputs": [
            {
              "name": "out",
              "path": "/nix/store/dm66qyl19skrwcmk4rb9xcs64xc1d071-go-1.23.3",
              "default": true
            }
          ],
          "store_path": "/nix/store/dm66qyl19skrwcmk4rb9xcs64xc1d071-go-1.23.3"
        },
        "x86_64-darwin": {
          "outputs": [
            {
              "name": "out",
              "path": "/nix/store/vkjn6njpz4gy5ma763vh8hh93bgjwycr-go-1.23.3",
              "default": true
            }
          ],
          "store_path": "/nix/store/vkjn6njpz4gy5ma763vh8hh93bgjwycr-go-1.23.3"
        },
        "x86_64-linux": {
          "outputs": [
            {
              "name": "out",
              "path": "/nix/store/bavnchxi7v6xs077jxv7fl5rrqc3y87w-go-1.23.3",
              "default": true
            }
          ],
          "store_path": "/nix/store/bavnchxi7v6xs077jxv7fl5rrqc3y87w-go-1.23.3"
        }
      }
    },
    "gum@latest": {
      "last_modified": "2024-11-16T04:25:12Z",
      "resolved": "github:NixOS/nixpkgs/34a626458d686f1b58139620a8b2793e9e123bba#gum",
      "source": "devbox-search",
      "version": "0.14.5",
      "systems": {
        "aarch64-darwin": {
          "outputs": [
            {
              "name": "out",
              "path": "/nix/store/rzqm62ixipbzbhfagqlic5xxag9a2v82-gum-0.14.5",
              "default": true
            }
          ],
          "store_path": "/nix/store/rzqm62ixipbzbhfagqlic5xxag9a2v82-gum-0.14.5"
        },
        "aarch64-linux": {
          "outputs": [
            {
              "name": "out",
              "path": "/nix/store/3ick2j8z9jgkk3cyc1ik4zkbs3m4583n-gum-0.14.5",
              "default": true
            }
          ],
          "store_path": "/nix/store/3ick2j8z9jgkk3cyc1ik4zkbs3m4583n-gum-0.14.5"
        },
        "x86_64-darwin": {
          "outputs": [
            {
              "name": "out",
              "path": "/nix/store/9rh8qxbxgb07v3a62mx9404ynk2yhxrj-gum-0.14.5",
              "default": true
            }
          ],
          "store_path": "/nix/store/9rh8qxbxgb07v3a62mx9404ynk2yhxrj-gum-0.14.5"
        },
        "x86_64-linux": {
          "outputs": [
            {
              "name": "out",
              "path": "/nix/store/1bnivwijzrnzx5h0hd5rywwy8rlhxmw5-gum-0.14.5",
              "default": true
            }
          ],
          "store_path": "/nix/store/1bnivwijzrnzx5h0hd5rywwy8rlhxmw5-gum-0.14.5"
        }
      }
    },
    "jq@latest": {
      "last_modified": "2024-11-18T00:41:09Z",
      "resolved": "github:NixOS/nixpkgs/5083ec887760adfe12af64830a66807423a859a7#jq",
      "source": "devbox-search",
      "version": "1.7.1",
      "systems": {
        "aarch64-darwin": {
          "outputs": [
            {
              "name": "bin",
              "path": "/nix/store/1ayrnq8zpljx4m3kvgfs6kqv9vrm6zik-jq-1.7.1-bin",
              "default": true
            },
            {
              "name": "man",
              "path": "/nix/store/fy9h4wlb4a8r34jrqif25n2i24vaw9x2-jq-1.7.1-man",
              "default": true
            },
            {
              "name": "dev",
              "path": "/nix/store/05c8mk6qnrxgyazs2acg3816h57lvsvb-jq-1.7.1-dev"
            },
            {
              "name": "doc",
              "path": "/nix/store/zm4966xz8nyp9nzkn6ghhzh8hcw87bmv-jq-1.7.1-doc"
            },
            {
              "name": "out",
              "path": "/nix/store/1ldq0nn6gjpxqjxihzdd7vlppmxvmpxn-jq-1.7.1"
            }
          ],
          "store_path": "/nix/store/1ayrnq8zpljx4m3kvgfs6kqv9vrm6zik-jq-1.7.1-bin"
        },
        "aarch64-linux": {
          "outputs": [
            {
              "name": "bin",
              "path": "/nix/store/pixiqvakc6rxc10qfpy2w4dsgnmsdayv-jq-1.7.1-bin",
              "default": true
            },
            {
              "name": "man",
              "path": "/nix/store/fgjncriv2sc52b8lwm5kzabkq26kirvk-jq-1.7.1-man",
              "default": true
            },
            {
              "name": "dev",
              "path": "/nix/store/gn12vqlhg68r5gwsacsiksqm6255nl3s-jq-1.7.1-dev"
            },
            {
              "name": "doc",
              "path": "/nix/store/v8cvxadadrrvi8as046wiyzb96xvih19-jq-1.7.1-doc"
            },
            {
              "name": "out",
              "path": "/nix/store/5xm3x3a9jaq9fy4jrg44rk7b6hl9sgbv-jq-1.7.1"
            }
          ],
          "store_path": "/nix/store/pixiqvakc6rxc10qfpy2w4dsgnmsdayv-jq-1.7.1-bin"
        },
        "x86_64-darwin": {
          "outputs": [
            {
              "name": "bin",
              "path": "/nix/store/g6m0ggpijkm26ygd8vvhyd07sgriz26j-jq-1.7.1-bin",
              "default": true
            },
            {
              "name": "man",
              "path": "/nix/store/gr5mmlwr3y511brhq7nihbyixjhcn80k-jq-1.7.1-man",
              "default": true
            },
            {
              "name": "out",
              "path": "/nix/store/ganc2d577ffr1h3qcvxln1d5gn6z3m83-jq-1.7.1"
            },
            {
              "name": "dev",
              "path": "/nix/store/cybp745j7fvdnxkf9889wiscn9cgbwjp-jq-1.7.1-dev"
            },
            {
              "name": "doc",
              "path": "/nix/store/0yhbxjsrbh7g6x7ngfc1qg6q613qbqhp-jq-1.7.1-doc"
            }
          ],
          "store_path": "/nix/store/g6m0ggpijkm26ygd8vvhyd07sgriz26j-jq-1.7.1-bin"
        },
        "x86_64-linux": {
          "outputs": [
            {
              "name": "bin",
              "path": "/nix/store/75q9nlm0zn7cg6w151cc4mkqqk0mwaxa-jq-1.7.1-bin",
              "default": true
            },
            {
              "name": "man",
              "path": "/nix/store/3wwkjcpxyrryfb1dbxjp82kj8g8jaxzw-jq-1.7.1-man",
              "default": true
            },
            {
              "name": "dev",
              "path": "/nix/store/f5y04jklz034w0y55bnqhcfnd271spwa-jq-1.7.1-dev"
            },
            {
              "name": "doc",
              "path": "/nix/store/j0i0bzx90l10l3vxdwj29xjji1avp15a-jq-1.7.1-doc"
            },
            {
              "name": "out",
              "path": "/nix/store/cpzlrkcbp2s87aya4hfxigj6a68m6yzz-jq-1.7.1"
            }
          ],
          "store_path": "/nix/store/75q9nlm0zn7cg6w151cc4mkqqk0mwaxa-jq-1.7.1-bin"
        }
      }
    },
    "k9s@latest": {
      "last_modified": "2024-11-16T04:25:12Z",
      "resolved": "github:NixOS/nixpkgs/34a626458d686f1b58139620a8b2793e9e123bba#k9s",
      "source": "devbox-search",
      "version": "0.32.5",
      "systems": {
        "aarch64-darwin": {
          "outputs": [
            {
              "name": "out",
              "path": "/nix/store/l6jkbgc4spqlpn7d4naxsrhgmk4gspvs-k9s-0.32.5",
              "default": true
            }
          ],
          "store_path": "/nix/store/l6jkbgc4spqlpn7d4naxsrhgmk4gspvs-k9s-0.32.5"
        },
        "aarch64-linux": {
          "outputs": [
            {
              "name": "out",
              "path": "/nix/store/hwjs39abc19jf30n3jfw4gjihbxqargx-k9s-0.32.5",
              "default": true
            }
          ],
          "store_path": "/nix/store/hwjs39abc19jf30n3jfw4gjihbxqargx-k9s-0.32.5"
        },
        "x86_64-darwin": {
          "outputs": [
            {
              "name": "out",
              "path": "/nix/store/dx0q0sva86kfl2z7k8k4i88jpn2p3bq2-k9s-0.32.5",
              "default": true
            }
          ],
          "store_path": "/nix/store/dx0q0sva86kfl2z7k8k4i88jpn2p3bq2-k9s-0.32.5"
        },
        "x86_64-linux": {
          "outputs": [
            {
              "name": "out",
              "path": "/nix/store/dcm12f47cmaqkhr8xca0nfab84sqadn6-k9s-0.32.5",
              "default": true
            }
          ],
          "store_path": "/nix/store/dcm12f47cmaqkhr8xca0nfab84sqadn6-k9s-0.32.5"
        }
      }
    },
    "kind@latest": {
      "last_modified": "2024-11-16T04:25:12Z",
      "resolved": "github:NixOS/nixpkgs/34a626458d686f1b58139620a8b2793e9e123bba#kind",
      "source": "devbox-search",
      "version": "0.24.0",
      "systems": {
        "aarch64-darwin": {
          "outputs": [
            {
              "name": "out",
              "path": "/nix/store/xddda7dwva6bwyif6c4km5ly88ynjm74-kind-0.24.0",
              "default": true
            }
          ],
          "store_path": "/nix/store/xddda7dwva6bwyif6c4km5ly88ynjm74-kind-0.24.0"
        },
        "aarch64-linux": {
          "outputs": [
            {
              "name": "out",
              "path": "/nix/store/nca37ixqzrdiwqz8dzw739vanhxx56jb-kind-0.24.0",
              "default": true
            }
          ],
          "store_path": "/nix/store/nca37ixqzrdiwqz8dzw739vanhxx56jb-kind-0.24.0"
        },
        "x86_64-darwin": {
          "outputs": [
            {
              "name": "out",
              "path": "/nix/store/la82f85krswj9vm03i82llqf8c76kk35-kind-0.24.0",
              "default": true
            }
          ],
          "store_path": "/nix/store/la82f85krswj9vm03i82llqf8c76kk35-kind-0.24.0"
        },
        "x86_64-linux": {
          "outputs": [
            {
              "name": "out",
              "path": "/nix/store/whc08b6ammwjpfg1lmf84036j9zqb40q-kind-0.24.0",
              "default": true
            }
          ],
          "store_path": "/nix/store/whc08b6ammwjpfg1lmf84036j9zqb40q-kind-0.24.0"
        }
      }
    },
    "kluctl@latest": {
      "last_modified": "2024-11-16T04:25:12Z",
      "resolved": "github:NixOS/nixpkgs/34a626458d686f1b58139620a8b2793e9e123bba#kluctl",
      "source": "devbox-search",
      "version": "2.25.1",
      "systems": {
        "aarch64-darwin": {
          "outputs": [
            {
              "name": "out",
              "path": "/nix/store/1i5pf6zx19cz1xj79gk78h556410pisa-kluctl-2.25.1",
              "default": true
            }
          ],
          "store_path": "/nix/store/1i5pf6zx19cz1xj79gk78h556410pisa-kluctl-2.25.1"
        },
        "aarch64-linux": {
          "outputs": [
            {
              "name": "out",
              "path": "/nix/store/nbgpnbfw0n01dav5d802dnrym0pi5208-kluctl-2.25.1",
              "default": true
            }
          ],
          "store_path": "/nix/store/nbgpnbfw0n01dav5d802dnrym0pi5208-kluctl-2.25.1"
        },
        "x86_64-darwin": {
          "outputs": [
            {
              "name": "out",
              "path": "/nix/store/zq4jvpc2kh7k9r58iic0lyw22yf12dda-kluctl-2.25.1",
              "default": true
            }
          ],
          "store_path": "/nix/store/zq4jvpc2kh7k9r58iic0lyw22yf12dda-kluctl-2.25.1"
        },
        "x86_64-linux": {
          "outputs": [
            {
              "name": "out",
              "path": "/nix/store/b9yasam4hd98fn22vwkac4h05fhdvvqb-kluctl-2.25.1",
              "default": true
            }
          ],
          "store_path": "/nix/store/b9yasam4hd98fn22vwkac4h05fhdvvqb-kluctl-2.25.1"
        }
      }
    },
    "ko@latest": {
      "last_modified": "2024-11-16T04:25:12Z",
      "resolved": "github:NixOS/nixpkgs/34a626458d686f1b58139620a8b2793e9e123bba#ko",
      "source": "devbox-search",
      "version": "0.15.4",
      "systems": {
        "aarch64-darwin": {
          "outputs": [
            {
              "name": "out",
              "path": "/nix/store/qqglm079j9a8a82xz5ssikh8vf6rcxmm-ko-0.15.4",
              "default": true
            }
          ],
          "store_path": "/nix/store/qqglm079j9a8a82xz5ssikh8vf6rcxmm-ko-0.15.4"
        },
        "aarch64-linux": {
          "outputs": [
            {
              "name": "out",
              "path": "/nix/store/d6hlcjpvxbfwfg307ax2v74qpigbdz5y-ko-0.15.4",
              "default": true
            }
          ],
          "store_path": "/nix/store/d6hlcjpvxbfwfg307ax2v74qpigbdz5y-ko-0.15.4"
        },
        "x86_64-darwin": {
          "outputs": [
            {
              "name": "out",
              "path": "/nix/store/xacdr0is5r3y8f68b1mprs5qm1nia5x8-ko-0.15.4",
              "default": true
            }
          ],
          "store_path": "/nix/store/xacdr0is5r3y8f68b1mprs5qm1nia5x8-ko-0.15.4"
        },
        "x86_64-linux": {
          "outputs": [
            {
              "name": "out",
              "path": "/nix/store/zjpji2lr209d0dyzkv8cnqzfljf69k29-ko-0.15.4",
              "default": true
            }
          ],
          "store_path": "/nix/store/zjpji2lr209d0dyzkv8cnqzfljf69k29-ko-0.15.4"
        }
      }
    },
    "kubectl@latest": {
      "last_modified": "2024-11-16T04:25:12Z",
      "resolved": "github:NixOS/nixpkgs/34a626458d686f1b58139620a8b2793e9e123bba#kubectl",
      "source": "devbox-search",
      "version": "1.31.2",
      "systems": {
        "aarch64-darwin": {
          "outputs": [
            {
              "name": "out",
              "path": "/nix/store/4y0isz580qj1gprqihb39jzvq1h3ys8d-kubectl-1.31.2",
              "default": true
            },
            {
              "name": "man",
              "path": "/nix/store/yn7jsawkgab95ly8wjzm7qk4axins9c0-kubectl-1.31.2-man",
              "default": true
            },
            {
              "name": "convert",
              "path": "/nix/store/mgfqyq94gz2rlfg7kfyxjhlxpd88rrx1-kubectl-1.31.2-convert"
            }
          ],
          "store_path": "/nix/store/4y0isz580qj1gprqihb39jzvq1h3ys8d-kubectl-1.31.2"
        },
        "aarch64-linux": {
          "outputs": [
            {
              "name": "out",
              "path": "/nix/store/cmmrb7hbq8rpcvw5isasab3nn2bs0hf5-kubectl-1.31.2",
              "default": true
            },
            {
              "name": "man",
              "path": "/nix/store/zvncfs48dhhnpfxzmqj1dlgmc0lra96a-kubectl-1.31.2-man",
              "default": true
            },
            {
              "name": "convert",
              "path": "/nix/store/sxlxrk1msbp2djzpblqn1h2p73vfc5fs-kubectl-1.31.2-convert"
            }
          ],
          "store_path": "/nix/store/cmmrb7hbq8rpcvw5isasab3nn2bs0hf5-kubectl-1.31.2"
        },
        "x86_64-darwin": {
          "outputs": [
            {
              "name": "out",
              "path": "/nix/store/8dfd5d7i3q0jvqgzc2775kl8b5pbh7g9-kubectl-1.31.2",
              "default": true
            },
            {
              "name": "man",
              "path": "/nix/store/7rvlb9k6bs623m3f7k3ay52n9bx6id1h-kubectl-1.31.2-man",
              "default": true
            },
            {
              "name": "convert",
              "path": "/nix/store/d6yjj3akz8dddmjzp2hz2lyd1fwqaqq9-kubectl-1.31.2-convert"
            }
          ],
          "store_path": "/nix/store/8dfd5d7i3q0jvqgzc2775kl8b5pbh7g9-kubectl-1.31.2"
        },
        "x86_64-linux": {
          "outputs": [
            {
              "name": "out",
              "path": "/nix/store/wjr8vcdjb25ja1q3nvzwnzf5qg6iv8iy-kubectl-1.31.2",
              "default": true
            },
            {
              "name": "man",
              "path": "/nix/store/66mlhapc0wawjz2v05116nkp02lxinkx-kubectl-1.31.2-man",
              "default": true
            },
            {
              "name": "convert",
              "path": "/nix/store/44dsmqkr8c3lp4j417nshswcf0mpj9i5-kubectl-1.31.2-convert"
            }
          ],
          "store_path": "/nix/store/wjr8vcdjb25ja1q3nvzwnzf5qg6iv8iy-kubectl-1.31.2"
        }
      }
    },
    "kubectx@latest": {
      "last_modified": "2024-11-16T04:25:12Z",
      "resolved": "github:NixOS/nixpkgs/34a626458d686f1b58139620a8b2793e9e123bba#kubectx",
      "source": "devbox-search",
      "version": "0.9.5",
      "systems": {
        "aarch64-darwin": {
          "outputs": [
            {
              "name": "out",
              "path": "/nix/store/yj0m0c354x0aspwqc3h8is34hsh8ab30-kubectx-0.9.5",
              "default": true
            }
          ],
          "store_path": "/nix/store/yj0m0c354x0aspwqc3h8is34hsh8ab30-kubectx-0.9.5"
        },
        "aarch64-linux": {
          "outputs": [
            {
              "name": "out",
              "path": "/nix/store/hjlz6xw2sf924kmysr9xi1p59d69ywm2-kubectx-0.9.5",
              "default": true
            }
          ],
          "store_path": "/nix/store/hjlz6xw2sf924kmysr9xi1p59d69ywm2-kubectx-0.9.5"
        },
        "x86_64-darwin": {
          "outputs": [
            {
              "name": "out",
              "path": "/nix/store/3nsfm8x2z1fbr2v9jf5gy68i4389zlff-kubectx-0.9.5",
              "default": true
            }
          ],
          "store_path": "/nix/store/3nsfm8x2z1fbr2v9jf5gy68i4389zlff-kubectx-0.9.5"
        },
        "x86_64-linux": {
          "outputs": [
            {
              "name": "out",
              "path": "/nix/store/82nkp4m2h127n069vv34iz05gn6dk7vh-kubectx-0.9.5",
              "default": true
            }
          ],
          "store_path": "/nix/store/82nkp4m2h127n069vv34iz05gn6dk7vh-kubectx-0.9.5"
        }
      }
    },
    "kubent@latest": {
      "last_modified": "2024-11-16T04:25:12Z",
      "resolved": "github:NixOS/nixpkgs/34a626458d686f1b58139620a8b2793e9e123bba#kubent",
      "source": "devbox-search",
      "version": "0.7.3",
      "systems": {
        "aarch64-darwin": {
          "outputs": [
            {
              "name": "out",
              "path": "/nix/store/qipklxswjw5dwy3fw7xfmvs7kgb39hx3-kubent-0.7.3",
              "default": true
            }
          ],
          "store_path": "/nix/store/qipklxswjw5dwy3fw7xfmvs7kgb39hx3-kubent-0.7.3"
        },
        "aarch64-linux": {
          "outputs": [
            {
              "name": "out",
              "path": "/nix/store/ssbz6znq0f8kywszz673xcgiafkfrsym-kubent-0.7.3",
              "default": true
            }
          ],
          "store_path": "/nix/store/ssbz6znq0f8kywszz673xcgiafkfrsym-kubent-0.7.3"
        },
        "x86_64-darwin": {
          "outputs": [
            {
              "name": "out",
              "path": "/nix/store/c9vvpqz4jax60ldqfz091dxf64ljdfwv-kubent-0.7.3",
              "default": true
            }
          ],
          "store_path": "/nix/store/c9vvpqz4jax60ldqfz091dxf64ljdfwv-kubent-0.7.3"
        },
        "x86_64-linux": {
          "outputs": [
            {
              "name": "out",
              "path": "/nix/store/z12gs3rvvghvjgvsiw7z56r8hdava9qm-kubent-0.7.3",
              "default": true
            }
          ],
          "store_path": "/nix/store/z12gs3rvvghvjgvsiw7z56r8hdava9qm-kubent-0.7.3"
        }
      }
    },
    "kubernetes-helm@latest": {
      "last_modified": "2024-11-16T04:25:12Z",
      "resolved": "github:NixOS/nixpkgs/34a626458d686f1b58139620a8b2793e9e123bba#kubernetes-helm",
      "source": "devbox-search",
      "version": "3.16.3",
      "systems": {
        "aarch64-darwin": {
          "outputs": [
            {
              "name": "out",
              "path": "/nix/store/v0b54sqamjz5hkbbhbbn62rmhy1ynk5a-kubernetes-helm-3.16.3",
              "default": true
            }
          ],
          "store_path": "/nix/store/v0b54sqamjz5hkbbhbbn62rmhy1ynk5a-kubernetes-helm-3.16.3"
        },
        "aarch64-linux": {
          "outputs": [
            {
              "name": "out",
              "path": "/nix/store/vsps7v36p9nbx08v8c7x1a36mmknhacy-kubernetes-helm-3.16.3",
              "default": true
            }
          ],
          "store_path": "/nix/store/vsps7v36p9nbx08v8c7x1a36mmknhacy-kubernetes-helm-3.16.3"
        },
        "x86_64-darwin": {
          "outputs": [
            {
              "name": "out",
              "path": "/nix/store/s57dya7h9slzyrnjg8h3hzbh695ksvj5-kubernetes-helm-3.16.3",
              "default": true
            }
          ],
          "store_path": "/nix/store/s57dya7h9slzyrnjg8h3hzbh695ksvj5-kubernetes-helm-3.16.3"
        },
        "x86_64-linux": {
          "outputs": [
            {
              "name": "out",
              "path": "/nix/store/nyrghdw5xi4kiwbsw6vdvnnyra5cy0x7-kubernetes-helm-3.16.3",
              "default": true
            }
          ],
          "store_path": "/nix/store/nyrghdw5xi4kiwbsw6vdvnnyra5cy0x7-kubernetes-helm-3.16.3"
        }
      }
    },
    "kustomize@latest": {
      "last_modified": "2024-11-16T04:25:12Z",
      "resolved": "github:NixOS/nixpkgs/34a626458d686f1b58139620a8b2793e9e123bba#kustomize",
      "source": "devbox-search",
      "version": "5.5.0",
      "systems": {
        "aarch64-darwin": {
          "outputs": [
            {
              "name": "out",
              "path": "/nix/store/97pzcar8sbmpd7mj2555iqr54lj3y0xb-kustomize-5.5.0",
              "default": true
            }
          ],
          "store_path": "/nix/store/97pzcar8sbmpd7mj2555iqr54lj3y0xb-kustomize-5.5.0"
        },
        "aarch64-linux": {
          "outputs": [
            {
              "name": "out",
              "path": "/nix/store/s9gszn1cqw4i7g34hm33w6ff7n0zi91j-kustomize-5.5.0",
              "default": true
            }
          ],
          "store_path": "/nix/store/s9gszn1cqw4i7g34hm33w6ff7n0zi91j-kustomize-5.5.0"
        },
        "x86_64-darwin": {
          "outputs": [
            {
              "name": "out",
              "path": "/nix/store/a5g11lri8g4kj8wawzy9vr2k9h02kmq6-kustomize-5.5.0",
              "default": true
            }
          ],
          "store_path": "/nix/store/a5g11lri8g4kj8wawzy9vr2k9h02kmq6-kustomize-5.5.0"
        },
        "x86_64-linux": {
          "outputs": [
            {
              "name": "out",
              "path": "/nix/store/xl8943vmy8169hri5igz0cqvl1d7z5mh-kustomize-5.5.0",
              "default": true
            }
          ],
          "store_path": "/nix/store/xl8943vmy8169hri5igz0cqvl1d7z5mh-kustomize-5.5.0"
        }
      }
    },
    "nodePackages.cdktf-cli@latest": {
      "last_modified": "2024-11-16T04:25:12Z",
      "resolved": "github:NixOS/nixpkgs/34a626458d686f1b58139620a8b2793e9e123bba#nodePackages.cdktf-cli",
      "source": "devbox-search",
      "version": "0.20.8",
      "systems": {
        "aarch64-darwin": {
          "outputs": [
            {
              "name": "out",
              "path": "/nix/store/vbkd3vjbjdwxjffh5m0s68f00dw5h547-cdktf-cli-0.20.8",
              "default": true
            }
          ],
          "store_path": "/nix/store/vbkd3vjbjdwxjffh5m0s68f00dw5h547-cdktf-cli-0.20.8"
        },
        "aarch64-linux": {
          "outputs": [
            {
              "name": "out",
              "path": "/nix/store/gv5nd6gpz4l9rflv6a5j23q91x6qjd2g-cdktf-cli-0.20.8",
              "default": true
            }
          ],
          "store_path": "/nix/store/gv5nd6gpz4l9rflv6a5j23q91x6qjd2g-cdktf-cli-0.20.8"
        },
        "x86_64-darwin": {
          "outputs": [
            {
              "name": "out",
              "path": "/nix/store/4cfa79wc1d35kkpqbwjczg387bkv9ns1-cdktf-cli-0.20.8",
              "default": true
            }
          ],
          "store_path": "/nix/store/4cfa79wc1d35kkpqbwjczg387bkv9ns1-cdktf-cli-0.20.8"
        },
        "x86_64-linux": {
          "outputs": [
            {
              "name": "out",
              "path": "/nix/store/x08l4vcx2adr8zaji240xc3r0r2iw75x-cdktf-cli-0.20.8",
              "default": true
            }
          ],
          "store_path": "/nix/store/x08l4vcx2adr8zaji240xc3r0r2iw75x-cdktf-cli-0.20.8"
        }
      }
    },
    "nodejs_20@latest": {
      "last_modified": "2024-11-16T04:25:12Z",
      "plugin_version": "0.0.2",
      "resolved": "github:NixOS/nixpkgs/34a626458d686f1b58139620a8b2793e9e123bba#nodejs_20",
      "source": "devbox-search",
      "version": "20.18.0",
      "systems": {
        "aarch64-darwin": {
          "outputs": [
            {
              "name": "out",
              "path": "/nix/store/9grahx8677nlgbx3yfiggibw335lkgfr-nodejs-20.18.0",
              "default": true
            },
            {
              "name": "libv8",
              "path": "/nix/store/hfchgw1as9fm02wcyr3iqya05ylll5f3-nodejs-20.18.0-libv8"
            }
          ],
          "store_path": "/nix/store/9grahx8677nlgbx3yfiggibw335lkgfr-nodejs-20.18.0"
        },
        "aarch64-linux": {
          "outputs": [
            {
              "name": "out",
              "path": "/nix/store/hsh74yzdb9yk834w9j5qz0w3sw84wcfv-nodejs-20.18.0",
              "default": true
            },
            {
              "name": "libv8",
              "path": "/nix/store/yajvza262cb3bri9cryfrgpm3pvc066n-nodejs-20.18.0-libv8"
            }
          ],
          "store_path": "/nix/store/hsh74yzdb9yk834w9j5qz0w3sw84wcfv-nodejs-20.18.0"
        },
        "x86_64-darwin": {
          "outputs": [
            {
              "name": "out",
              "path": "/nix/store/v8p36abnvrn9i5h41zkgrayaj7sclv6z-nodejs-20.18.0",
              "default": true
            },
            {
              "name": "libv8",
              "path": "/nix/store/93xdzgjsm1dnnw33lnba4i7h7k5yph4k-nodejs-20.18.0-libv8"
            }
          ],
          "store_path": "/nix/store/v8p36abnvrn9i5h41zkgrayaj7sclv6z-nodejs-20.18.0"
        },
        "x86_64-linux": {
          "outputs": [
            {
              "name": "out",
              "path": "/nix/store/z0ivg3dbal4sk5h0c7p1pfkxc7ff98ri-nodejs-20.18.0",
              "default": true
            },
            {
              "name": "libv8",
              "path": "/nix/store/czcxwki3zqih2pf355zk0vxbmrij2bzx-nodejs-20.18.0-libv8"
            }
          ],
          "store_path": "/nix/store/z0ivg3dbal4sk5h0c7p1pfkxc7ff98ri-nodejs-20.18.0"
        }
      }
    },
    "oras@latest": {
      "last_modified": "2024-11-16T04:25:12Z",
      "resolved": "github:NixOS/nixpkgs/34a626458d686f1b58139620a8b2793e9e123bba#oras",
      "source": "devbox-search",
      "version": "1.2.0",
      "systems": {
        "aarch64-darwin": {
          "outputs": [
            {
              "name": "out",
              "path": "/nix/store/kgqfd6zfhxvzqhbw58dys9yjqvyq065n-oras-1.2.0",
              "default": true
            }
          ],
          "store_path": "/nix/store/kgqfd6zfhxvzqhbw58dys9yjqvyq065n-oras-1.2.0"
        },
        "aarch64-linux": {
          "outputs": [
            {
              "name": "out",
              "path": "/nix/store/6z4nmpwz0agp09yfixzzrxyvsvcklr7k-oras-1.2.0",
              "default": true
            }
          ],
          "store_path": "/nix/store/6z4nmpwz0agp09yfixzzrxyvsvcklr7k-oras-1.2.0"
        },
        "x86_64-darwin": {
          "outputs": [
            {
              "name": "out",
              "path": "/nix/store/swdl6plfljww999hl176hzpcml48ad7c-oras-1.2.0",
              "default": true
            }
          ],
          "store_path": "/nix/store/swdl6plfljww999hl176hzpcml48ad7c-oras-1.2.0"
        },
        "x86_64-linux": {
          "outputs": [
            {
              "name": "out",
              "path": "/nix/store/8hc4h3pbczasxv54dy1v0mkyhr2161pc-oras-1.2.0",
              "default": true
            }
          ],
          "store_path": "/nix/store/8hc4h3pbczasxv54dy1v0mkyhr2161pc-oras-1.2.0"
        }
      }
    },
    "poetry@latest": {
      "last_modified": "2024-11-16T04:25:12Z",
      "plugin_version": "0.0.4",
      "resolved": "github:NixOS/nixpkgs/34a626458d686f1b58139620a8b2793e9e123bba#poetry",
      "source": "devbox-search",
      "version": "1.8.4",
      "systems": {
        "aarch64-darwin": {
          "outputs": [
            {
              "name": "out",
              "path": "/nix/store/j35y28w44dgc4pyip9r3iwdmwbz5qz31-python3.12-poetry-1.8.4",
              "default": true
            },
            {
              "name": "dist",
              "path": "/nix/store/zyy53rzq1id12fxgdbdq7c43cxz20skk-python3.12-poetry-1.8.4-dist"
            }
          ],
          "store_path": "/nix/store/j35y28w44dgc4pyip9r3iwdmwbz5qz31-python3.12-poetry-1.8.4"
        },
        "aarch64-linux": {
          "outputs": [
            {
              "name": "out",
              "path": "/nix/store/bghbwi0c9iink700fy31mcwb7dj0r8kl-python3.12-poetry-1.8.4",
              "default": true
            },
            {
              "name": "dist",
              "path": "/nix/store/v8b5di8h9pj15vh3vafsj6288gydxx15-python3.12-poetry-1.8.4-dist"
            }
          ],
          "store_path": "/nix/store/bghbwi0c9iink700fy31mcwb7dj0r8kl-python3.12-poetry-1.8.4"
        },
        "x86_64-darwin": {
          "outputs": [
            {
              "name": "out",
              "path": "/nix/store/kp07kv89agac71b5rz6lmwv029398kpd-python3.12-poetry-1.8.4",
              "default": true
            },
            {
              "name": "dist",
              "path": "/nix/store/y3divx42dv49dfzsgjq6487i0gz6yb8s-python3.12-poetry-1.8.4-dist"
            }
          ],
          "store_path": "/nix/store/kp07kv89agac71b5rz6lmwv029398kpd-python3.12-poetry-1.8.4"
        },
        "x86_64-linux": {
          "outputs": [
            {
              "name": "out",
              "path": "/nix/store/jmzhpv3d2cjkhb6gam9rzz5s1c565qqc-python3.12-poetry-1.8.4",
              "default": true
            },
            {
              "name": "dist",
              "path": "/nix/store/sxvkyyws6n8kf82pwq8qfw90ivph6kda-python3.12-poetry-1.8.4-dist"
            }
          ],
          "store_path": "/nix/store/jmzhpv3d2cjkhb6gam9rzz5s1c565qqc-python3.12-poetry-1.8.4"
        }
      }
    },
    "python312@latest": {
      "last_modified": "2024-06-12T20:55:33Z",
      "plugin_version": "0.0.4",
      "resolved": "github:NixOS/nixpkgs/a9858885e197f984d92d7fe64e9fff6b2e488d40#python312",
      "source": "devbox-search",
      "version": "3.12.3",
      "systems": {
        "aarch64-darwin": {
          "outputs": [
            {
              "name": "out",
              "path": "/nix/store/65ackbgqn02p6fy75rksjbp17zj6440j-python3-3.12.3",
              "default": true
            }
          ],
          "store_path": "/nix/store/65ackbgqn02p6fy75rksjbp17zj6440j-python3-3.12.3"
        },
        "aarch64-linux": {
          "outputs": [
            {
              "name": "out",
              "path": "/nix/store/59siylp1k9i3ch4d9m3vs5jp5z56b5sg-python3-3.12.3",
              "default": true
            },
            {
              "name": "debug",
              "path": "/nix/store/ji094818a78hrkag26202b21nr5v1pgk-python3-3.12.3-debug"
            }
          ],
          "store_path": "/nix/store/59siylp1k9i3ch4d9m3vs5jp5z56b5sg-python3-3.12.3"
        },
        "x86_64-darwin": {
          "outputs": [
            {
              "name": "out",
              "path": "/nix/store/nrskm5p85y6751k02ih51bpzfag8g5r8-python3-3.12.3",
              "default": true
            }
          ],
          "store_path": "/nix/store/nrskm5p85y6751k02ih51bpzfag8g5r8-python3-3.12.3"
        },
        "x86_64-linux": {
          "outputs": [
            {
              "name": "out",
              "path": "/nix/store/zwvdwiw0zg5liz6lkkkqyab035parhld-python3-3.12.3",
              "default": true
            },
            {
              "name": "debug",
              "path": "/nix/store/wj6mffmpvly3md2hqnq2jj8zrrw5qck9-python3-3.12.3-debug"
            }
          ],
          "store_path": "/nix/store/zwvdwiw0zg5liz6lkkkqyab035parhld-python3-3.12.3"
        }
      }
    },
    "tilt@latest": {
      "last_modified": "2024-11-16T04:25:12Z",
      "resolved": "github:NixOS/nixpkgs/34a626458d686f1b58139620a8b2793e9e123bba#tilt",
      "source": "devbox-search",
      "version": "0.33.17",
      "systems": {
        "aarch64-darwin": {
          "outputs": [
            {
              "name": "out",
              "path": "/nix/store/r38w3krw8jg495rq96913wfsz1shmyjk-tilt-0.33.17",
              "default": true
            }
          ],
          "store_path": "/nix/store/r38w3krw8jg495rq96913wfsz1shmyjk-tilt-0.33.17"
        },
        "aarch64-linux": {
          "outputs": [
            {
              "name": "out",
              "path": "/nix/store/8gfj7wyw54w57j50aklhzlcwkxlbm9rh-tilt-0.33.17",
              "default": true
            }
          ],
          "store_path": "/nix/store/8gfj7wyw54w57j50aklhzlcwkxlbm9rh-tilt-0.33.17"
        },
        "x86_64-darwin": {
          "outputs": [
            {
              "name": "out",
              "path": "/nix/store/q3jg5rn63psjqgcqsdyvgay4d7k6y3fd-tilt-0.33.17",
              "default": true
            }
          ],
          "store_path": "/nix/store/q3jg5rn63psjqgcqsdyvgay4d7k6y3fd-tilt-0.33.17"
        },
        "x86_64-linux": {
          "outputs": [
            {
              "name": "out",
              "path": "/nix/store/xrijkfls2q1bg5b7bacpnjzc6wvwxv6s-tilt-0.33.17",
              "default": true
            }
          ],
          "store_path": "/nix/store/xrijkfls2q1bg5b7bacpnjzc6wvwxv6s-tilt-0.33.17"
        }
      }
    },
    "yq-go@latest": {
      "last_modified": "2024-11-17T04:10:55Z",
      "resolved": "github:NixOS/nixpkgs/0a14706530dcb90acecb81ce0da219d88baaae75#yq-go",
      "source": "devbox-search",
      "version": "4.44.5",
      "systems": {
        "aarch64-darwin": {
          "outputs": [
            {
              "name": "out",
              "path": "/nix/store/xk2ypndx28w4dmvz69qgsv4y1xj14zr5-yq-go-4.44.5",
              "default": true
            }
          ],
          "store_path": "/nix/store/xk2ypndx28w4dmvz69qgsv4y1xj14zr5-yq-go-4.44.5"
        },
        "aarch64-linux": {
          "outputs": [
            {
              "name": "out",
              "path": "/nix/store/q1hdxc2zgzij7gxpv5g7cjq1j6ibzmxl-yq-go-4.44.5",
              "default": true
            }
          ],
          "store_path": "/nix/store/q1hdxc2zgzij7gxpv5g7cjq1j6ibzmxl-yq-go-4.44.5"
        },
        "x86_64-darwin": {
          "outputs": [
            {
              "name": "out",
              "path": "/nix/store/r7y0xb4pkdp2rdw0a0db06f84rwi4pri-yq-go-4.44.5",
              "default": true
            }
          ],
          "store_path": "/nix/store/r7y0xb4pkdp2rdw0a0db06f84rwi4pri-yq-go-4.44.5"
        },
        "x86_64-linux": {
          "outputs": [
            {
              "name": "out",
              "path": "/nix/store/i4x11x3x4x8kn416h734jnxdbh8fdxil-yq-go-4.44.5",
              "default": true
            }
          ],
          "store_path": "/nix/store/i4x11x3x4x8kn416h734jnxdbh8fdxil-yq-go-4.44.5"
        }
      }
    }
  }
}
